
Microsoft Visual Studio Solution File, Format Version 12.00
# Visual Studio 15
VisualStudioVersion = 15.0.28307.106
MinimumVisualStudioVersion = 10.0.40219.1
Project("{FAE04EC0-301F-11D3-BF4B-00C04F79EFBC}") = "XamarinList.Android", "XamarinList\XamarinList.Android\XamarinList.Android.csproj", "{AEFB2F79-A0E1-4BD1-8DB4-02B450EB78D4}"
EndProject
Project("{FAE04EC0-301F-11D3-BF4B-00C04F79EFBC}") = "XamarinList.iOS", "XamarinList\XamarinList.iOS\XamarinList.iOS.csproj", "{C4FBD81E-1D54-4309-8102-47144F67CCBE}"
EndProject
Project("{FAE04EC0-301F-11D3-BF4B-00C04F79EFBC}") = "XamarinList", "XamarinList\XamarinList\XamarinList.csproj", "{E0748915-BA37-4013-883F-646931EC20FF}"
EndProject
Global
	GlobalSection(SolutionConfigurationPlatforms) = preSolution
		Ad-Hoc|Any CPU = Ad-Hoc|Any CPU
		Ad-Hoc|iPhone = Ad-Hoc|iPhone
		Ad-Hoc|iPhoneSimulator = Ad-Hoc|iPhoneSimulator
		AppStore|Any CPU = AppStore|Any CPU
		AppStore|iPhone = AppStore|iPhone
		AppStore|iPhoneSimulator = AppStore|iPhoneSimulator
		Debug|Any CPU = Debug|Any CPU
		Debug|iPhone = Debug|iPhone
		Debug|iPhoneSimulator = Debug|iPhoneSimulator
		Release|Any CPU = Release|Any CPU
		Release|iPhone = Release|iPhone
		Release|iPhoneSimulator = Release|iPhoneSimulator
	EndGlobalSection
	GlobalSection(ProjectConfigurationPlatforms) = postSolution
		{AEFB2F79-A0E1-4BD1-8DB4-02B450EB78D4}.Ad-Hoc|Any CPU.ActiveCfg = Release|Any CPU
		{AEFB2F79-A0E1-4BD1-8DB4-02B450EB78D4}.Ad-Hoc|Any CPU.Build.0 = Release|Any CPU
		{AEFB2F79-A0E1-4BD1-8DB4-02B450EB78D4}.Ad-Hoc|Any CPU.Deploy.0 = Release|Any CPU
		{AEFB2F79-A0E1-4BD1-8DB4-02B450EB78D4}.Ad-Hoc|iPhone.ActiveCfg = Release|Any CPU
		{AEFB2F79-A0E1-4BD1-8DB4-02B450EB78D4}.Ad-Hoc|iPhone.Build.0 = Release|Any CPU
		{AEFB2F79-A0E1-4BD1-8DB4-02B450EB78D4}.Ad-Hoc|iPhone.Deploy.0 = Release|Any CPU
		{AEFB2F79-A0E1-4BD1-8DB4-02B450EB78D4}.Ad-Hoc|iPhoneSimulator.ActiveCfg = Release|Any CPU
		{AEFB2F79-A0E1-4BD1-8DB4-02B450EB78D4}.Ad-Hoc|iPhoneSimulator.Build.0 = Release|Any CPU
		{AEFB2F79-A0E1-4BD1-8DB4-02B450EB78D4}.Ad-Hoc|iPhoneSimulator.Deploy.0 = Release|Any CPU
		{AEFB2F79-A0E1-4BD1-8DB4-02B450EB78D4}.AppStore|Any CPU.ActiveCfg = Release|Any CPU
		{AEFB2F79-A0E1-4BD1-8DB4-02B450EB78D4}.AppStore|Any CPU.Build.0 = Release|Any CPU
		{AEFB2F79-A0E1-4BD1-8DB4-02B450EB78D4}.AppStore|Any CPU.Deploy.0 = Release|Any CPU
		{AEFB2F79-A0E1-4BD1-8DB4-02B450EB78D4}.AppStore|iPhone.ActiveCfg = Release|Any CPU
		{AEFB2F79-A0E1-4BD1-8DB4-02B450EB78D4}.AppStore|iPhone.Build.0 = Release|Any CPU
		{AEFB2F79-A0E1-4BD1-8DB4-02B450EB78D4}.AppStore|iPhone.Deploy.0 = Release|Any CPU
		{AEFB2F79-A0E1-4BD1-8DB4-02B450EB78D4}.AppStore|iPhoneSimulator.ActiveCfg = Release|Any CPU
		{AEFB2F79-A0E1-4BD1-8DB4-02B450EB78D4}.AppStore|iPhoneSimulator.Build.0 = Release|Any CPU
		{AEFB2F79-A0E1-4BD1-8DB4-02B450EB78D4}.AppStore|iPhoneSimulator.Deploy.0 = Release|Any CPU
		{AEFB2F79-A0E1-4BD1-8DB4-02B450EB78D4}.Debug|Any CPU.ActiveCfg = Debug|Any CPU
		{AEFB2F79-A0E1-4BD1-8DB4-02B450EB78D4}.Debug|Any CPU.Build.0 = Debug|Any CPU
		{AEFB2F79-A0E1-4BD1-8DB4-02B450EB78D4}.Debug|Any CPU.Deploy.0 = Debug|Any CPU
		{AEFB2F79-A0E1-4BD1-8DB4-02B450EB78D4}.Debug|iPhone.ActiveCfg = Debug|Any CPU
		{AEFB2F79-A0E1-4BD1-8DB4-02B450EB78D4}.Debug|iPhone.Build.0 = Debug|Any CPU
		{AEFB2F79-A0E1-4BD1-8DB4-02B450EB78D4}.Debug|iPhone.Deploy.0 = Debug|Any CPU
		{AEFB2F79-A0E1-4BD1-8DB4-02B450EB78D4}.Debug|iPhoneSimulator.ActiveCfg = Debug|Any CPU
		{AEFB2F79-A0E1-4BD1-8DB4-02B450EB78D4}.Debug|iPhoneSimulator.Build.0 = Debug|Any CPU
		{AEFB2F79-A0E1-4BD1-8DB4-02B450EB78D4}.Debug|iPhoneSimulator.Deploy.0 = Debug|Any CPU
		{AEFB2F79-A0E1-4BD1-8DB4-02B450EB78D4}.Release|Any CPU.ActiveCfg = Release|Any CPU
		{AEFB2F79-A0E1-4BD1-8DB4-02B450EB78D4}.Release|Any CPU.Build.0 = Release|Any CPU
		{AEFB2F79-A0E1-4BD1-8DB4-02B450EB78D4}.Release|Any CPU.Deploy.0 = Release|Any CPU
		{AEFB2F79-A0E1-4BD1-8DB4-02B450EB78D4}.Release|iPhone.ActiveCfg = Release|Any CPU
		{AEFB2F79-A0E1-4BD1-8DB4-02B450EB78D4}.Release|iPhone.Build.0 = Release|Any CPU
		{AEFB2F79-A0E1-4BD1-8DB4-02B450EB78D4}.Release|iPhone.Deploy.0 = Release|Any CPU
		{AEFB2F79-A0E1-4BD1-8DB4-02B450EB78D4}.Release|iPhoneSimulator.ActiveCfg = Release|Any CPU
		{AEFB2F79-A0E1-4BD1-8DB4-02B450EB78D4}.Release|iPhoneSimulator.Build.0 = Release|Any CPU
		{AEFB2F79-A0E1-4BD1-8DB4-02B450EB78D4}.Release|iPhoneSimulator.Deploy.0 = Release|Any CPU
		{C4FBD81E-1D54-4309-8102-47144F67CCBE}.Ad-Hoc|Any CPU.ActiveCfg = Ad-Hoc|iPhone
		{C4FBD81E-1D54-4309-8102-47144F67CCBE}.Ad-Hoc|Any CPU.Build.0 = Ad-Hoc|iPhone
		{C4FBD81E-1D54-4309-8102-47144F67CCBE}.Ad-Hoc|Any CPU.Deploy.0 = Ad-Hoc|iPhone
		{C4FBD81E-1D54-4309-8102-47144F67CCBE}.Ad-Hoc|iPhone.ActiveCfg = Ad-Hoc|iPhone
		{C4FBD81E-1D54-4309-8102-47144F67CCBE}.Ad-Hoc|iPhone.Build.0 = Ad-Hoc|iPhone
		{C4FBD81E-1D54-4309-8102-47144F67CCBE}.Ad-Hoc|iPhone.Deploy.0 = Ad-Hoc|iPhone
		{C4FBD81E-1D54-4309-8102-47144F67CCBE}.Ad-Hoc|iPhoneSimulator.ActiveCfg = Ad-Hoc|iPhoneSimulator
		{C4FBD81E-1D54-4309-8102-47144F67CCBE}.Ad-Hoc|iPhoneSimulator.Build.0 = Ad-Hoc|iPhoneSimulator
		{C4FBD81E-1D54-4309-8102-47144F67CCBE}.Ad-Hoc|iPhoneSimulator.Deploy.0 = Ad-Hoc|iPhoneSimulator
		{C4FBD81E-1D54-4309-8102-47144F67CCBE}.AppStore|Any CPU.ActiveCfg = AppStore|iPhone
		{C4FBD81E-1D54-4309-8102-47144F67CCBE}.AppStore|Any CPU.Build.0 = AppStore|iPhone
		{C4FBD81E-1D54-4309-8102-47144F67CCBE}.AppStore|Any CPU.Deploy.0 = AppStore|iPhone
		{C4FBD81E-1D54-4309-8102-47144F67CCBE}.AppStore|iPhone.ActiveCfg = AppStore|iPhone
		{C4FBD81E-1D54-4309-8102-47144F67CCBE}.AppStore|iPhone.Build.0 = AppStore|iPhone
		{C4FBD81E-1D54-4309-8102-47144F67CCBE}.AppStore|iPhone.Deploy.0 = AppStore|iPhone
		{C4FBD81E-1D54-4309-8102-47144F67CCBE}.AppStore|iPhoneSimulator.ActiveCfg = AppStore|iPhoneSimulator
		{C4FBD81E-1D54-4309-8102-47144F67CCBE}.AppStore|iPhoneSimulator.Build.0 = AppStore|iPhoneSimulator
		{C4FBD81E-1D54-4309-8102-47144F67CCBE}.AppStore|iPhoneSimulator.Deploy.0 = AppStore|iPhoneSimulator
		{C4FBD81E-1D54-4309-8102-47144F67CCBE}.Debug|Any CPU.ActiveCfg = Debug|iPhoneSimulator
		{C4FBD81E-1D54-4309-8102-47144F67CCBE}.Debug|Any CPU.Build.0 = Debug|iPhoneSimulator
		{C4FBD81E-1D54-4309-8102-47144F67CCBE}.Debug|Any CPU.Deploy.0 = Debug|iPhoneSimulator
		{C4FBD81E-1D54-4309-8102-47144F67CCBE}.Debug|iPhone.ActiveCfg = Debug|iPhone
		{C4FBD81E-1D54-4309-8102-47144F67CCBE}.Debug|iPhone.Build.0 = Debug|iPhone
		{C4FBD81E-1D54-4309-8102-47144F67CCBE}.Debug|iPhone.Deploy.0 = Debug|iPhone
		{C4FBD81E-1D54-4309-8102-47144F67CCBE}.Debug|iPhoneSimulator.ActiveCfg = Debug|iPhoneSimulator
		{C4FBD81E-1D54-4309-8102-47144F67CCBE}.Debug|iPhoneSimulator.Build.0 = Debug|iPhoneSimulator
		{C4FBD81E-1D54-4309-8102-47144F67CCBE}.Debug|iPhoneSimulator.Deploy.0 = Debug|iPhoneSimulator
		{C4FBD81E-1D54-4309-8102-47144F67CCBE}.Release|Any CPU.ActiveCfg = Release|iPhone
		{C4FBD81E-1D54-4309-8102-47144F67CCBE}.Release|Any CPU.Build.0 = Release|iPhone
		{C4FBD81E-1D54-4309-8102-47144F67CCBE}.Release|Any CPU.Deploy.0 = Release|iPhone
		{C4FBD81E-1D54-4309-8102-47144F67CCBE}.Release|iPhone.ActiveCfg = Release|iPhone
		{C4FBD81E-1D54-4309-8102-47144F67CCBE}.Release|iPhone.Build.0 = Release|iPhone
		{C4FBD81E-1D54-4309-8102-47144F67CCBE}.Release|iPhone.Deploy.0 = Release|iPhone
		{C4FBD81E-1D54-4309-8102-47144F67CCBE}.Release|iPhoneSimulator.ActiveCfg = Release|iPhoneSimulator
		{C4FBD81E-1D54-4309-8102-47144F67CCBE}.Release|iPhoneSimulator.Build.0 = Release|iPhoneSimulator
		{C4FBD81E-1D54-4309-8102-47144F67CCBE}.Release|iPhoneSimulator.Deploy.0 = Release|iPhoneSimulator
		{E0748915-BA37-4013-883F-646931EC20FF}.Ad-Hoc|Any CPU.ActiveCfg = Debug|Any CPU
		{E0748915-BA37-4013-883F-646931EC20FF}.Ad-Hoc|Any CPU.Build.0 = Debug|Any CPU
		{E0748915-BA37-4013-883F-646931EC20FF}.Ad-Hoc|Any CPU.Deploy.0 = Debug|Any CPU
		{E0748915-BA37-4013-883F-646931EC20FF}.Ad-Hoc|iPhone.ActiveCfg = Debug|Any CPU
		{E0748915-BA37-4013-883F-646931EC20FF}.Ad-Hoc|iPhone.Build.0 = Debug|Any CPU
		{E0748915-BA37-4013-883F-646931EC20FF}.Ad-Hoc|iPhone.Deploy.0 = Debug|Any CPU
		{E0748915-BA37-4013-883F-646931EC20FF}.Ad-Hoc|iPhoneSimulator.ActiveCfg = Debug|Any CPU
		{E0748915-BA37-4013-883F-646931EC20FF}.Ad-Hoc|iPhoneSimulator.Build.0 = Debug|Any CPU
		{E0748915-BA37-4013-883F-646931EC20FF}.Ad-Hoc|iPhoneSimulator.Deploy.0 = Debug|Any CPU
		{E0748915-BA37-4013-883F-646931EC20FF}.AppStore|Any CPU.ActiveCfg = Debug|Any CPU
		{E0748915-BA37-4013-883F-646931EC20FF}.AppStore|Any CPU.Build.0 = Debug|Any CPU
		{E0748915-BA37-4013-883F-646931EC20FF}.AppStore|Any CPU.Deploy.0 = Debug|Any CPU
		{E0748915-BA37-4013-883F-646931EC20FF}.AppStore|iPhone.ActiveCfg = Debug|Any CPU
		{E0748915-BA37-4013-883F-646931EC20FF}.AppStore|iPhone.Build.0 = Debug|Any CPU
		{E0748915-BA37-4013-883F-646931EC20FF}.AppStore|iPhone.Deploy.0 = Debug|Any CPU
		{E0748915-BA37-4013-883F-646931EC20FF}.AppStore|iPhoneSimulator.ActiveCfg = Debug|Any CPU
		{E0748915-BA37-4013-883F-646931EC20FF}.AppStore|iPhoneSimulator.Build.0 = Debug|Any CPU
		{E0748915-BA37-4013-883F-646931EC20FF}.AppStore|iPhoneSimulator.Deploy.0 = Debug|Any CPU
		{E0748915-BA37-4013-883F-646931EC20FF}.Debug|Any CPU.ActiveCfg = Debug|Any CPU
		{E0748915-BA37-4013-883F-646931EC20FF}.Debug|Any CPU.Build.0 = Debug|Any CPU
		{E0748915-BA37-4013-883F-646931EC20FF}.Debug|Any CPU.Deploy.0 = Debug|Any CPU
		{E0748915-BA37-4013-883F-646931EC20FF}.Debug|iPhone.ActiveCfg = Debug|Any CPU
		{E0748915-BA37-4013-883F-646931EC20FF}.Debug|iPhone.Build.0 = Debug|Any CPU
		{E0748915-BA37-4013-883F-646931EC20FF}.Debug|iPhone.Deploy.0 = Debug|Any CPU
		{E0748915-BA37-4013-883F-646931EC20FF}.Debug|iPhoneSimulator.ActiveCfg = Debug|Any CPU
		{E0748915-BA37-4013-883F-646931EC20FF}.Debug|iPhoneSimulator.Build.0 = Debug|Any CPU
		{E0748915-BA37-4013-883F-646931EC20FF}.Debug|iPhoneSimulator.Deploy.0 = Debug|Any CPU
		{E0748915-BA37-4013-883F-646931EC20FF}.Release|Any CPU.ActiveCfg = Release|Any CPU
		{E0748915-BA37-4013-883F-646931EC20FF}.Release|Any CPU.Build.0 = Release|Any CPU
		{E0748915-BA37-4013-883F-646931EC20FF}.Release|Any CPU.Deploy.0 = Release|Any CPU
		{E0748915-BA37-4013-883F-646931EC20FF}.Release|iPhone.ActiveCfg = Release|Any CPU
		{E0748915-BA37-4013-883F-646931EC20FF}.Release|iPhone.Build.0 = Release|Any CPU
		{E0748915-BA37-4013-883F-646931EC20FF}.Release|iPhone.Deploy.0 = Release|Any CPU
		{E0748915-BA37-4013-883F-646931EC20FF}.Release|iPhoneSimulator.ActiveCfg = Release|Any CPU
		{E0748915-BA37-4013-883F-646931EC20FF}.Release|iPhoneSimulator.Build.0 = Release|Any CPU
		{E0748915-BA37-4013-883F-646931EC20FF}.Release|iPhoneSimulator.Deploy.0 = Release|Any CPU
	EndGlobalSection
	GlobalSection(SolutionProperties) = preSolution
		HideSolutionNode = FALSE
	EndGlobalSection
	GlobalSection(ExtensibilityGlobals) = postSolution
		SolutionGuid = {ED9AA407-599A-460D-B597-6A6B792D2193}
	EndGlobalSection
EndGlobal
