
Microsoft Visual Studio Solution File, Format Version 12.00
# Visual Studio 15
VisualStudioVersion = 15.0.28307.106
MinimumVisualStudioVersion = 10.0.40219.1
Project("{FAE04EC0-301F-11D3-BF4B-00C04F79EFBC}") = "XamarinEntry.Android", "XamarinEntry\XamarinEntry.Android\XamarinEntry.Android.csproj", "{C315D1A8-BC86-4204-BCE8-831DE8E7104F}"
EndProject
Project("{FAE04EC0-301F-11D3-BF4B-00C04F79EFBC}") = "XamarinEntry.iOS", "XamarinEntry\XamarinEntry.iOS\XamarinEntry.iOS.csproj", "{77E19A59-4836-4457-927D-1D363EC63070}"
EndProject
Project("{FAE04EC0-301F-11D3-BF4B-00C04F79EFBC}") = "XamarinEntry", "XamarinEntry\XamarinEntry\XamarinEntry.csproj", "{AC94E58F-2D49-4C71-B017-01849FF48E7A}"
EndProject
Global
	GlobalSection(SolutionConfigurationPlatforms) = preSolution
		Ad-Hoc|Any CPU = Ad-Hoc|Any CPU
		Ad-Hoc|iPhone = Ad-Hoc|iPhone
		Ad-Hoc|iPhoneSimulator = Ad-Hoc|iPhoneSimulator
		AppStore|Any CPU = AppStore|Any CPU
		AppStore|iPhone = AppStore|iPhone
		AppStore|iPhoneSimulator = AppStore|iPhoneSimulator
		Debug|Any CPU = Debug|Any CPU
		Debug|iPhone = Debug|iPhone
		Debug|iPhoneSimulator = Debug|iPhoneSimulator
		Release|Any CPU = Release|Any CPU
		Release|iPhone = Release|iPhone
		Release|iPhoneSimulator = Release|iPhoneSimulator
	EndGlobalSection
	GlobalSection(ProjectConfigurationPlatforms) = postSolution
		{C315D1A8-BC86-4204-BCE8-831DE8E7104F}.Ad-Hoc|Any CPU.ActiveCfg = Release|Any CPU
		{C315D1A8-BC86-4204-BCE8-831DE8E7104F}.Ad-Hoc|Any CPU.Build.0 = Release|Any CPU
		{C315D1A8-BC86-4204-BCE8-831DE8E7104F}.Ad-Hoc|Any CPU.Deploy.0 = Release|Any CPU
		{C315D1A8-BC86-4204-BCE8-831DE8E7104F}.Ad-Hoc|iPhone.ActiveCfg = Release|Any CPU
		{C315D1A8-BC86-4204-BCE8-831DE8E7104F}.Ad-Hoc|iPhone.Build.0 = Release|Any CPU
		{C315D1A8-BC86-4204-BCE8-831DE8E7104F}.Ad-Hoc|iPhone.Deploy.0 = Release|Any CPU
		{C315D1A8-BC86-4204-BCE8-831DE8E7104F}.Ad-Hoc|iPhoneSimulator.ActiveCfg = Release|Any CPU
		{C315D1A8-BC86-4204-BCE8-831DE8E7104F}.Ad-Hoc|iPhoneSimulator.Build.0 = Release|Any CPU
		{C315D1A8-BC86-4204-BCE8-831DE8E7104F}.Ad-Hoc|iPhoneSimulator.Deploy.0 = Release|Any CPU
		{C315D1A8-BC86-4204-BCE8-831DE8E7104F}.AppStore|Any CPU.ActiveCfg = Release|Any CPU
		{C315D1A8-BC86-4204-BCE8-831DE8E7104F}.AppStore|Any CPU.Build.0 = Release|Any CPU
		{C315D1A8-BC86-4204-BCE8-831DE8E7104F}.AppStore|Any CPU.Deploy.0 = Release|Any CPU
		{C315D1A8-BC86-4204-BCE8-831DE8E7104F}.AppStore|iPhone.ActiveCfg = Release|Any CPU
		{C315D1A8-BC86-4204-BCE8-831DE8E7104F}.AppStore|iPhone.Build.0 = Release|Any CPU
		{C315D1A8-BC86-4204-BCE8-831DE8E7104F}.AppStore|iPhone.Deploy.0 = Release|Any CPU
		{C315D1A8-BC86-4204-BCE8-831DE8E7104F}.AppStore|iPhoneSimulator.ActiveCfg = Release|Any CPU
		{C315D1A8-BC86-4204-BCE8-831DE8E7104F}.AppStore|iPhoneSimulator.Build.0 = Release|Any CPU
		{C315D1A8-BC86-4204-BCE8-831DE8E7104F}.AppStore|iPhoneSimulator.Deploy.0 = Release|Any CPU
		{C315D1A8-BC86-4204-BCE8-831DE8E7104F}.Debug|Any CPU.ActiveCfg = Debug|Any CPU
		{C315D1A8-BC86-4204-BCE8-831DE8E7104F}.Debug|Any CPU.Build.0 = Debug|Any CPU
		{C315D1A8-BC86-4204-BCE8-831DE8E7104F}.Debug|Any CPU.Deploy.0 = Debug|Any CPU
		{C315D1A8-BC86-4204-BCE8-831DE8E7104F}.Debug|iPhone.ActiveCfg = Debug|Any CPU
		{C315D1A8-BC86-4204-BCE8-831DE8E7104F}.Debug|iPhone.Build.0 = Debug|Any CPU
		{C315D1A8-BC86-4204-BCE8-831DE8E7104F}.Debug|iPhone.Deploy.0 = Debug|Any CPU
		{C315D1A8-BC86-4204-BCE8-831DE8E7104F}.Debug|iPhoneSimulator.ActiveCfg = Debug|Any CPU
		{C315D1A8-BC86-4204-BCE8-831DE8E7104F}.Debug|iPhoneSimulator.Build.0 = Debug|Any CPU
		{C315D1A8-BC86-4204-BCE8-831DE8E7104F}.Debug|iPhoneSimulator.Deploy.0 = Debug|Any CPU
		{C315D1A8-BC86-4204-BCE8-831DE8E7104F}.Release|Any CPU.ActiveCfg = Release|Any CPU
		{C315D1A8-BC86-4204-BCE8-831DE8E7104F}.Release|Any CPU.Build.0 = Release|Any CPU
		{C315D1A8-BC86-4204-BCE8-831DE8E7104F}.Release|Any CPU.Deploy.0 = Release|Any CPU
		{C315D1A8-BC86-4204-BCE8-831DE8E7104F}.Release|iPhone.ActiveCfg = Release|Any CPU
		{C315D1A8-BC86-4204-BCE8-831DE8E7104F}.Release|iPhone.Build.0 = Release|Any CPU
		{C315D1A8-BC86-4204-BCE8-831DE8E7104F}.Release|iPhone.Deploy.0 = Release|Any CPU
		{C315D1A8-BC86-4204-BCE8-831DE8E7104F}.Release|iPhoneSimulator.ActiveCfg = Release|Any CPU
		{C315D1A8-BC86-4204-BCE8-831DE8E7104F}.Release|iPhoneSimulator.Build.0 = Release|Any CPU
		{C315D1A8-BC86-4204-BCE8-831DE8E7104F}.Release|iPhoneSimulator.Deploy.0 = Release|Any CPU
		{77E19A59-4836-4457-927D-1D363EC63070}.Ad-Hoc|Any CPU.ActiveCfg = Ad-Hoc|iPhone
		{77E19A59-4836-4457-927D-1D363EC63070}.Ad-Hoc|Any CPU.Build.0 = Ad-Hoc|iPhone
		{77E19A59-4836-4457-927D-1D363EC63070}.Ad-Hoc|Any CPU.Deploy.0 = Ad-Hoc|iPhone
		{77E19A59-4836-4457-927D-1D363EC63070}.Ad-Hoc|iPhone.ActiveCfg = Ad-Hoc|iPhone
		{77E19A59-4836-4457-927D-1D363EC63070}.Ad-Hoc|iPhone.Build.0 = Ad-Hoc|iPhone
		{77E19A59-4836-4457-927D-1D363EC63070}.Ad-Hoc|iPhone.Deploy.0 = Ad-Hoc|iPhone
		{77E19A59-4836-4457-927D-1D363EC63070}.Ad-Hoc|iPhoneSimulator.ActiveCfg = Ad-Hoc|iPhoneSimulator
		{77E19A59-4836-4457-927D-1D363EC63070}.Ad-Hoc|iPhoneSimulator.Build.0 = Ad-Hoc|iPhoneSimulator
		{77E19A59-4836-4457-927D-1D363EC63070}.Ad-Hoc|iPhoneSimulator.Deploy.0 = Ad-Hoc|iPhoneSimulator
		{77E19A59-4836-4457-927D-1D363EC63070}.AppStore|Any CPU.ActiveCfg = AppStore|iPhone
		{77E19A59-4836-4457-927D-1D363EC63070}.AppStore|Any CPU.Build.0 = AppStore|iPhone
		{77E19A59-4836-4457-927D-1D363EC63070}.AppStore|Any CPU.Deploy.0 = AppStore|iPhone
		{77E19A59-4836-4457-927D-1D363EC63070}.AppStore|iPhone.ActiveCfg = AppStore|iPhone
		{77E19A59-4836-4457-927D-1D363EC63070}.AppStore|iPhone.Build.0 = AppStore|iPhone
		{77E19A59-4836-4457-927D-1D363EC63070}.AppStore|iPhone.Deploy.0 = AppStore|iPhone
		{77E19A59-4836-4457-927D-1D363EC63070}.AppStore|iPhoneSimulator.ActiveCfg = AppStore|iPhoneSimulator
		{77E19A59-4836-4457-927D-1D363EC63070}.AppStore|iPhoneSimulator.Build.0 = AppStore|iPhoneSimulator
		{77E19A59-4836-4457-927D-1D363EC63070}.AppStore|iPhoneSimulator.Deploy.0 = AppStore|iPhoneSimulator
		{77E19A59-4836-4457-927D-1D363EC63070}.Debug|Any CPU.ActiveCfg = Debug|iPhoneSimulator
		{77E19A59-4836-4457-927D-1D363EC63070}.Debug|Any CPU.Build.0 = Debug|iPhoneSimulator
		{77E19A59-4836-4457-927D-1D363EC63070}.Debug|Any CPU.Deploy.0 = Debug|iPhoneSimulator
		{77E19A59-4836-4457-927D-1D363EC63070}.Debug|iPhone.ActiveCfg = Debug|iPhone
		{77E19A59-4836-4457-927D-1D363EC63070}.Debug|iPhone.Build.0 = Debug|iPhone
		{77E19A59-4836-4457-927D-1D363EC63070}.Debug|iPhone.Deploy.0 = Debug|iPhone
		{77E19A59-4836-4457-927D-1D363EC63070}.Debug|iPhoneSimulator.ActiveCfg = Debug|iPhoneSimulator
		{77E19A59-4836-4457-927D-1D363EC63070}.Debug|iPhoneSimulator.Build.0 = Debug|iPhoneSimulator
		{77E19A59-4836-4457-927D-1D363EC63070}.Debug|iPhoneSimulator.Deploy.0 = Debug|iPhoneSimulator
		{77E19A59-4836-4457-927D-1D363EC63070}.Release|Any CPU.ActiveCfg = Release|iPhone
		{77E19A59-4836-4457-927D-1D363EC63070}.Release|Any CPU.Build.0 = Release|iPhone
		{77E19A59-4836-4457-927D-1D363EC63070}.Release|Any CPU.Deploy.0 = Release|iPhone
		{77E19A59-4836-4457-927D-1D363EC63070}.Release|iPhone.ActiveCfg = Release|iPhone
		{77E19A59-4836-4457-927D-1D363EC63070}.Release|iPhone.Build.0 = Release|iPhone
		{77E19A59-4836-4457-927D-1D363EC63070}.Release|iPhone.Deploy.0 = Release|iPhone
		{77E19A59-4836-4457-927D-1D363EC63070}.Release|iPhoneSimulator.ActiveCfg = Release|iPhoneSimulator
		{77E19A59-4836-4457-927D-1D363EC63070}.Release|iPhoneSimulator.Build.0 = Release|iPhoneSimulator
		{77E19A59-4836-4457-927D-1D363EC63070}.Release|iPhoneSimulator.Deploy.0 = Release|iPhoneSimulator
		{AC94E58F-2D49-4C71-B017-01849FF48E7A}.Ad-Hoc|Any CPU.ActiveCfg = Debug|Any CPU
		{AC94E58F-2D49-4C71-B017-01849FF48E7A}.Ad-Hoc|Any CPU.Build.0 = Debug|Any CPU
		{AC94E58F-2D49-4C71-B017-01849FF48E7A}.Ad-Hoc|Any CPU.Deploy.0 = Debug|Any CPU
		{AC94E58F-2D49-4C71-B017-01849FF48E7A}.Ad-Hoc|iPhone.ActiveCfg = Debug|Any CPU
		{AC94E58F-2D49-4C71-B017-01849FF48E7A}.Ad-Hoc|iPhone.Build.0 = Debug|Any CPU
		{AC94E58F-2D49-4C71-B017-01849FF48E7A}.Ad-Hoc|iPhone.Deploy.0 = Debug|Any CPU
		{AC94E58F-2D49-4C71-B017-01849FF48E7A}.Ad-Hoc|iPhoneSimulator.ActiveCfg = Debug|Any CPU
		{AC94E58F-2D49-4C71-B017-01849FF48E7A}.Ad-Hoc|iPhoneSimulator.Build.0 = Debug|Any CPU
		{AC94E58F-2D49-4C71-B017-01849FF48E7A}.Ad-Hoc|iPhoneSimulator.Deploy.0 = Debug|Any CPU
		{AC94E58F-2D49-4C71-B017-01849FF48E7A}.AppStore|Any CPU.ActiveCfg = Debug|Any CPU
		{AC94E58F-2D49-4C71-B017-01849FF48E7A}.AppStore|Any CPU.Build.0 = Debug|Any CPU
		{AC94E58F-2D49-4C71-B017-01849FF48E7A}.AppStore|Any CPU.Deploy.0 = Debug|Any CPU
		{AC94E58F-2D49-4C71-B017-01849FF48E7A}.AppStore|iPhone.ActiveCfg = Debug|Any CPU
		{AC94E58F-2D49-4C71-B017-01849FF48E7A}.AppStore|iPhone.Build.0 = Debug|Any CPU
		{AC94E58F-2D49-4C71-B017-01849FF48E7A}.AppStore|iPhone.Deploy.0 = Debug|Any CPU
		{AC94E58F-2D49-4C71-B017-01849FF48E7A}.AppStore|iPhoneSimulator.ActiveCfg = Debug|Any CPU
		{AC94E58F-2D49-4C71-B017-01849FF48E7A}.AppStore|iPhoneSimulator.Build.0 = Debug|Any CPU
		{AC94E58F-2D49-4C71-B017-01849FF48E7A}.AppStore|iPhoneSimulator.Deploy.0 = Debug|Any CPU
		{AC94E58F-2D49-4C71-B017-01849FF48E7A}.Debug|Any CPU.ActiveCfg = Debug|Any CPU
		{AC94E58F-2D49-4C71-B017-01849FF48E7A}.Debug|Any CPU.Build.0 = Debug|Any CPU
		{AC94E58F-2D49-4C71-B017-01849FF48E7A}.Debug|Any CPU.Deploy.0 = Debug|Any CPU
		{AC94E58F-2D49-4C71-B017-01849FF48E7A}.Debug|iPhone.ActiveCfg = Debug|Any CPU
		{AC94E58F-2D49-4C71-B017-01849FF48E7A}.Debug|iPhone.Build.0 = Debug|Any CPU
		{AC94E58F-2D49-4C71-B017-01849FF48E7A}.Debug|iPhone.Deploy.0 = Debug|Any CPU
		{AC94E58F-2D49-4C71-B017-01849FF48E7A}.Debug|iPhoneSimulator.ActiveCfg = Debug|Any CPU
		{AC94E58F-2D49-4C71-B017-01849FF48E7A}.Debug|iPhoneSimulator.Build.0 = Debug|Any CPU
		{AC94E58F-2D49-4C71-B017-01849FF48E7A}.Debug|iPhoneSimulator.Deploy.0 = Debug|Any CPU
		{AC94E58F-2D49-4C71-B017-01849FF48E7A}.Release|Any CPU.ActiveCfg = Release|Any CPU
		{AC94E58F-2D49-4C71-B017-01849FF48E7A}.Release|Any CPU.Build.0 = Release|Any CPU
		{AC94E58F-2D49-4C71-B017-01849FF48E7A}.Release|Any CPU.Deploy.0 = Release|Any CPU
		{AC94E58F-2D49-4C71-B017-01849FF48E7A}.Release|iPhone.ActiveCfg = Release|Any CPU
		{AC94E58F-2D49-4C71-B017-01849FF48E7A}.Release|iPhone.Build.0 = Release|Any CPU
		{AC94E58F-2D49-4C71-B017-01849FF48E7A}.Release|iPhone.Deploy.0 = Release|Any CPU
		{AC94E58F-2D49-4C71-B017-01849FF48E7A}.Release|iPhoneSimulator.ActiveCfg = Release|Any CPU
		{AC94E58F-2D49-4C71-B017-01849FF48E7A}.Release|iPhoneSimulator.Build.0 = Release|Any CPU
		{AC94E58F-2D49-4C71-B017-01849FF48E7A}.Release|iPhoneSimulator.Deploy.0 = Release|Any CPU
	EndGlobalSection
	GlobalSection(SolutionProperties) = preSolution
		HideSolutionNode = FALSE
	EndGlobalSection
	GlobalSection(ExtensibilityGlobals) = postSolution
		SolutionGuid = {F4D1AC94-1CB5-4281-9B4F-8FCC1AB690A4}
	EndGlobalSection
EndGlobal
